{
  "name": "cykloservis_app",
  "lockfileVersion": 3,
  "requires": true,
  "packages": {
    "": {
      "name": "cykloservis_app",
      "dependencies": {
        "dotenv": "^17.2.1",
        "web-vitals": "^5.0.3"
      }
    },
    "node_modules/dotenv": {
      "version": "17.2.1",
      "resolved": "https://registry.npmjs.org/dotenv/-/dotenv-17.2.1.tgz",
      "integrity": "sha512-kQhDYKZecqnM0fCnzI5eIv5L4cAe/iRI+HqMbO/hbRdTAeXDG+M9FjipUxNfbARuEg4iHIbhnhs78BCHNbSxEQ==",
      "license": "BSD-2-Clause",
      "engines": {
        "node": ">=12"
      },
      "funding": {
        "url": "https://dotenvx.com"
      }
    },
    "node_modules/web-vitals": {
      "version": "5.0.3",
      "resolved": "https://registry.npmjs.org/web-vitals/-/web-vitals-5.0.3.tgz",
      "integrity": "sha512-4KmOFYxj7qT6RAdCH0SWwq8eKeXNhAFXR4PmgF6nrWFmrJ41n7lq3UCA6UK0GebQ4uu+XP8e8zGjaDO3wZlqTg==",
      "license": "Apache-2.0"
    }
  }
}
